Microsoft Visual Studio Solution File, Format Version 12.00
# Visual Studio Version 17
VisualStudioVersion = 17.5.2.0
MinimumVisualStudioVersion = 10.0.40219.1
Project("{FAE04EC0-301F-11D3-BF4B-00C04F79EFBC}") = "CheckersGame", "CheckersGame.csproj", "{AD120013-292F-0BE8-00A5-2903CD720DA4}"
EndProject
Global
	GlobalSection(SolutionConfigurationPlatforms) = preSolution
		Debug|Any CPU = Debug|Any CPU
		Release|Any CPU = Release|Any CPU
	EndGlobalSection
	GlobalSection(ProjectConfigurationPlatforms) = postSolution
		{AD120013-292F-0BE8-00A5-2903CD720DA4}.Debug|Any CPU.ActiveCfg = Debug|Any CPU
		{AD120013-292F-0BE8-00A5-2903CD720DA4}.Debug|Any CPU.Build.0 = Debug|Any CPU
		{AD120013-292F-0BE8-00A5-2903CD720DA4}.Release|Any CPU.ActiveCfg = Release|Any CPU
		{AD120013-292F-0BE8-00A5-2903CD720DA4}.Release|Any CPU.Build.0 = Release|Any CPU
	EndGlobalSection
	GlobalSection(SolutionProperties) = preSolution
		HideSolutionNode = FALSE
	EndGlobalSection
	GlobalSection(ExtensibilityGlobals) = postSolution
		SolutionGuid = {D85A64C6-D00E-4422-A1D6-097F3F44A83F}
	EndGlobalSection
EndGlobal
