
Microsoft Visual Studio Solution File, Format Version 12.00
# Visual Studio Version 17
VisualStudioVersion = 17.0.31903.59
MinimumVisualStudioVersion = 10.0.40219.1
Project("{FAE04EC0-301F-11D3-BF4B-00C04F79EFBC}") = "SpendingWeb", "SpendingWeb\SpendingWeb.csproj", "{19BEEBB5-4CAA-4A41-85F5-CB100B11456D}"
EndProject
Project("{FAE04EC0-301F-11D3-BF4B-00C04F79EFBC}") = "SpendingWeb.Tests", "SpendingWeb.Tests\SpendingWeb.Tests.csproj", "{3C70D493-40FC-46F0-81D1-135813F3B530}"
EndProject
Global
	GlobalSection(SolutionConfigurationPlatforms) = preSolution
		Debug|Any CPU = Debug|Any CPU
		Release|Any CPU = Release|Any CPU
	EndGlobalSection
	GlobalSection(SolutionProperties) = preSolution
		HideSolutionNode = FALSE
	EndGlobalSection
	GlobalSection(ProjectConfigurationPlatforms) = postSolution
		{19BEEBB5-4CAA-4A41-85F5-CB100B11456D}.Debug|Any CPU.ActiveCfg = Debug|Any CPU
		{19BEEBB5-4CAA-4A41-85F5-CB100B11456D}.Debug|Any CPU.Build.0 = Debug|Any CPU
		{19BEEBB5-4CAA-4A41-85F5-CB100B11456D}.Release|Any CPU.ActiveCfg = Release|Any CPU
		{19BEEBB5-4CAA-4A41-85F5-CB100B11456D}.Release|Any CPU.Build.0 = Release|Any CPU
		{3C70D493-40FC-46F0-81D1-135813F3B530}.Debug|Any CPU.ActiveCfg = Debug|Any CPU
		{3C70D493-40FC-46F0-81D1-135813F3B530}.Debug|Any CPU.Build.0 = Debug|Any CPU
		{3C70D493-40FC-46F0-81D1-135813F3B530}.Release|Any CPU.ActiveCfg = Release|Any CPU
		{3C70D493-40FC-46F0-81D1-135813F3B530}.Release|Any CPU.Build.0 = Release|Any CPU
	EndGlobalSection
EndGlobal
